
Microsoft Visual Studio Solution File, Format Version 12.00
# 
Project("{FAE04EC0-301F-11D3-BF4B-00C04F79EFBC}") = "ORA.API", "ORA.API\ORA.API.csproj", "{136A8B44-75CA-4AA7-95B5-75D50713C258}"
EndProject
Project("{FAE04EC0-301F-11D3-BF4B-00C04F79EFBC}") = "ORA.Core", "ORA.Core\ORA.Core.csproj", "{AEA32F64-B92A-447C-98F1-9540EFB8659B}"
EndProject
Project("{FAE04EC0-301F-11D3-BF4B-00C04F79EFBC}") = "ORA.Application.CLI", "ORA.Application.CLI\ORA.Application.CLI.csproj", "{A77FBE3A-2FA9-4559-8F77-694482F44B14}"
EndProject
Project("{FAE04EC0-301F-11D3-BF4B-00C04F79EFBC}") = "ORA.Application.CLI.Tests", "ORA.Application.CLI.Tests\ORA.Application.CLI.Tests.csproj", "{F3EC7752-EA06-4FF4-9D8B-9C737FA7C8E2}"
EndProject
Project("{FAE04EC0-301F-11D3-BF4B-00C04F79EFBC}") = "ORA.Core.Tests", "ORA.Core.Tests\ORA.Core.Tests.csproj", "{098CA64E-726F-40B2-93D8-BA9FD29BA903}"
EndProject
Project("{FAE04EC0-301F-11D3-BF4B-00C04F79EFBC}") = "ORA.Application.CLI.CoreWrapper", "ORA.Application.CLI.CoreWrapper\ORA.Application.CLI.CoreWrapper.csproj", "{DA80223E-161A-47B5-895A-F7FD2391C685}"
EndProject
Project("{FAE04EC0-301F-11D3-BF4B-00C04F79EFBC}") = "ORA.Application.GUI", "ORA.Application.GUI\ORA.Application.GUI.csproj", "{3661FA38-D976-43A6-A83E-29896690B6B4}"
EndProject
Project("{FAE04EC0-301F-11D3-BF4B-00C04F79EFBC}") = "ORA.Application.GUI.CoreWrapper", "ORA.Application.GUI.CoreWrapper\ORA.Application.GUI.CoreWrapper.csproj", "{A72A4C83-A6FF-4F7E-B160-4B7E91374190}"
EndProject
Project("{FAE04EC0-301F-11D3-BF4B-00C04F79EFBC}") = "ORA.Core.IPC", "ORA.Core.IPC\ORA.Core.IPC.csproj", "{ADF6FA6D-DBC1-4AE1-BF2E-E859B664BF19}"
EndProject
Project("{FAE04EC0-301F-11D3-BF4B-00C04F79EFBC}") = "ORA.Application.Daemon", "ORA.Application.Daemon\ORA.Application.Daemon.csproj", "{3A7ED94E-857B-429C-9F9D-EEC6B41F2C75}"
EndProject
Global
	GlobalSection(SolutionConfigurationPlatforms) = preSolution
		Debug|Any CPU = Debug|Any CPU
		Debug|x64 = Debug|x64
		Debug|x86 = Debug|x86
		Release|Any CPU = Release|Any CPU
		Release|x64 = Release|x64
		Release|x86 = Release|x86
	EndGlobalSection
	GlobalSection(SolutionProperties) = preSolution
		HideSolutionNode = FALSE
	EndGlobalSection
	GlobalSection(ProjectConfigurationPlatforms) = postSolution
		{136A8B44-75CA-4AA7-95B5-75D50713C258}.Debug|Any CPU.ActiveCfg = Debug|Any CPU
		{136A8B44-75CA-4AA7-95B5-75D50713C258}.Debug|Any CPU.Build.0 = Debug|Any CPU
		{136A8B44-75CA-4AA7-95B5-75D50713C258}.Debug|x64.ActiveCfg = Debug|Any CPU
		{136A8B44-75CA-4AA7-95B5-75D50713C258}.Debug|x64.Build.0 = Debug|Any CPU
		{136A8B44-75CA-4AA7-95B5-75D50713C258}.Debug|x86.ActiveCfg = Debug|Any CPU
		{136A8B44-75CA-4AA7-95B5-75D50713C258}.Debug|x86.Build.0 = Debug|Any CPU
		{136A8B44-75CA-4AA7-95B5-75D50713C258}.Release|Any CPU.ActiveCfg = Release|Any CPU
		{136A8B44-75CA-4AA7-95B5-75D50713C258}.Release|Any CPU.Build.0 = Release|Any CPU
		{136A8B44-75CA-4AA7-95B5-75D50713C258}.Release|x64.ActiveCfg = Release|Any CPU
		{136A8B44-75CA-4AA7-95B5-75D50713C258}.Release|x64.Build.0 = Release|Any CPU
		{136A8B44-75CA-4AA7-95B5-75D50713C258}.Release|x86.ActiveCfg = Release|Any CPU
		{136A8B44-75CA-4AA7-95B5-75D50713C258}.Release|x86.Build.0 = Release|Any CPU
		{AEA32F64-B92A-447C-98F1-9540EFB8659B}.Debug|Any CPU.ActiveCfg = Debug|Any CPU
		{AEA32F64-B92A-447C-98F1-9540EFB8659B}.Debug|Any CPU.Build.0 = Debug|Any CPU
		{AEA32F64-B92A-447C-98F1-9540EFB8659B}.Debug|x64.ActiveCfg = Debug|Any CPU
		{AEA32F64-B92A-447C-98F1-9540EFB8659B}.Debug|x64.Build.0 = Debug|Any CPU
		{AEA32F64-B92A-447C-98F1-9540EFB8659B}.Debug|x86.ActiveCfg = Debug|Any CPU
		{AEA32F64-B92A-447C-98F1-9540EFB8659B}.Debug|x86.Build.0 = Debug|Any CPU
		{AEA32F64-B92A-447C-98F1-9540EFB8659B}.Release|Any CPU.ActiveCfg = Release|Any CPU
		{AEA32F64-B92A-447C-98F1-9540EFB8659B}.Release|Any CPU.Build.0 = Release|Any CPU
		{AEA32F64-B92A-447C-98F1-9540EFB8659B}.Release|x64.ActiveCfg = Release|Any CPU
		{AEA32F64-B92A-447C-98F1-9540EFB8659B}.Release|x64.Build.0 = Release|Any CPU
		{AEA32F64-B92A-447C-98F1-9540EFB8659B}.Release|x86.ActiveCfg = Release|Any CPU
		{AEA32F64-B92A-447C-98F1-9540EFB8659B}.Release|x86.Build.0 = Release|Any CPU
		{A77FBE3A-2FA9-4559-8F77-694482F44B14}.Debug|Any CPU.ActiveCfg = Debug|Any CPU
		{A77FBE3A-2FA9-4559-8F77-694482F44B14}.Debug|Any CPU.Build.0 = Debug|Any CPU
		{A77FBE3A-2FA9-4559-8F77-694482F44B14}.Debug|x64.ActiveCfg = Debug|Any CPU
		{A77FBE3A-2FA9-4559-8F77-694482F44B14}.Debug|x64.Build.0 = Debug|Any CPU
		{A77FBE3A-2FA9-4559-8F77-694482F44B14}.Debug|x86.ActiveCfg = Debug|Any CPU
		{A77FBE3A-2FA9-4559-8F77-694482F44B14}.Debug|x86.Build.0 = Debug|Any CPU
		{A77FBE3A-2FA9-4559-8F77-694482F44B14}.Release|Any CPU.ActiveCfg = Release|Any CPU
		{A77FBE3A-2FA9-4559-8F77-694482F44B14}.Release|Any CPU.Build.0 = Release|Any CPU
		{A77FBE3A-2FA9-4559-8F77-694482F44B14}.Release|x64.ActiveCfg = Release|Any CPU
		{A77FBE3A-2FA9-4559-8F77-694482F44B14}.Release|x64.Build.0 = Release|Any CPU
		{A77FBE3A-2FA9-4559-8F77-694482F44B14}.Release|x86.ActiveCfg = Release|Any CPU
		{A77FBE3A-2FA9-4559-8F77-694482F44B14}.Release|x86.Build.0 = Release|Any CPU
		{F3EC7752-EA06-4FF4-9D8B-9C737FA7C8E2}.Debug|Any CPU.ActiveCfg = Debug|Any CPU
		{F3EC7752-EA06-4FF4-9D8B-9C737FA7C8E2}.Debug|Any CPU.Build.0 = Debug|Any CPU
		{F3EC7752-EA06-4FF4-9D8B-9C737FA7C8E2}.Debug|x64.ActiveCfg = Debug|Any CPU
		{F3EC7752-EA06-4FF4-9D8B-9C737FA7C8E2}.Debug|x64.Build.0 = Debug|Any CPU
		{F3EC7752-EA06-4FF4-9D8B-9C737FA7C8E2}.Debug|x86.ActiveCfg = Debug|Any CPU
		{F3EC7752-EA06-4FF4-9D8B-9C737FA7C8E2}.Debug|x86.Build.0 = Debug|Any CPU
		{F3EC7752-EA06-4FF4-9D8B-9C737FA7C8E2}.Release|Any CPU.ActiveCfg = Release|Any CPU
		{F3EC7752-EA06-4FF4-9D8B-9C737FA7C8E2}.Release|Any CPU.Build.0 = Release|Any CPU
		{F3EC7752-EA06-4FF4-9D8B-9C737FA7C8E2}.Release|x64.ActiveCfg = Release|Any CPU
		{F3EC7752-EA06-4FF4-9D8B-9C737FA7C8E2}.Release|x64.Build.0 = Release|Any CPU
		{F3EC7752-EA06-4FF4-9D8B-9C737FA7C8E2}.Release|x86.ActiveCfg = Release|Any CPU
		{F3EC7752-EA06-4FF4-9D8B-9C737FA7C8E2}.Release|x86.Build.0 = Release|Any CPU
		{098CA64E-726F-40B2-93D8-BA9FD29BA903}.Debug|Any CPU.ActiveCfg = Debug|Any CPU
		{098CA64E-726F-40B2-93D8-BA9FD29BA903}.Debug|Any CPU.Build.0 = Debug|Any CPU
		{098CA64E-726F-40B2-93D8-BA9FD29BA903}.Debug|x64.ActiveCfg = Debug|Any CPU
		{098CA64E-726F-40B2-93D8-BA9FD29BA903}.Debug|x64.Build.0 = Debug|Any CPU
		{098CA64E-726F-40B2-93D8-BA9FD29BA903}.Debug|x86.ActiveCfg = Debug|Any CPU
		{098CA64E-726F-40B2-93D8-BA9FD29BA903}.Debug|x86.Build.0 = Debug|Any CPU
		{098CA64E-726F-40B2-93D8-BA9FD29BA903}.Release|Any CPU.ActiveCfg = Release|Any CPU
		{098CA64E-726F-40B2-93D8-BA9FD29BA903}.Release|Any CPU.Build.0 = Release|Any CPU
		{098CA64E-726F-40B2-93D8-BA9FD29BA903}.Release|x64.ActiveCfg = Release|Any CPU
		{098CA64E-726F-40B2-93D8-BA9FD29BA903}.Release|x64.Build.0 = Release|Any CPU
		{098CA64E-726F-40B2-93D8-BA9FD29BA903}.Release|x86.ActiveCfg = Release|Any CPU
		{098CA64E-726F-40B2-93D8-BA9FD29BA903}.Release|x86.Build.0 = Release|Any CPU
		{DA80223E-161A-47B5-895A-F7FD2391C685}.Debug|Any CPU.ActiveCfg = Debug|Any CPU
		{DA80223E-161A-47B5-895A-F7FD2391C685}.Debug|Any CPU.Build.0 = Debug|Any CPU
		{DA80223E-161A-47B5-895A-F7FD2391C685}.Debug|x64.ActiveCfg = Debug|Any CPU
		{DA80223E-161A-47B5-895A-F7FD2391C685}.Debug|x64.Build.0 = Debug|Any CPU
		{DA80223E-161A-47B5-895A-F7FD2391C685}.Debug|x86.ActiveCfg = Debug|Any CPU
		{DA80223E-161A-47B5-895A-F7FD2391C685}.Debug|x86.Build.0 = Debug|Any CPU
		{DA80223E-161A-47B5-895A-F7FD2391C685}.Release|Any CPU.ActiveCfg = Release|Any CPU
		{DA80223E-161A-47B5-895A-F7FD2391C685}.Release|Any CPU.Build.0 = Release|Any CPU
		{DA80223E-161A-47B5-895A-F7FD2391C685}.Release|x64.ActiveCfg = Release|Any CPU
		{DA80223E-161A-47B5-895A-F7FD2391C685}.Release|x64.Build.0 = Release|Any CPU
		{DA80223E-161A-47B5-895A-F7FD2391C685}.Release|x86.ActiveCfg = Release|Any CPU
		{DA80223E-161A-47B5-895A-F7FD2391C685}.Release|x86.Build.0 = Release|Any CPU
		{3661FA38-D976-43A6-A83E-29896690B6B4}.Debug|Any CPU.ActiveCfg = Debug|Any CPU
		{3661FA38-D976-43A6-A83E-29896690B6B4}.Debug|Any CPU.Build.0 = Debug|Any CPU
		{3661FA38-D976-43A6-A83E-29896690B6B4}.Debug|x64.ActiveCfg = Debug|Any CPU
		{3661FA38-D976-43A6-A83E-29896690B6B4}.Debug|x64.Build.0 = Debug|Any CPU
		{3661FA38-D976-43A6-A83E-29896690B6B4}.Debug|x86.ActiveCfg = Debug|Any CPU
		{3661FA38-D976-43A6-A83E-29896690B6B4}.Debug|x86.Build.0 = Debug|Any CPU
		{3661FA38-D976-43A6-A83E-29896690B6B4}.Release|Any CPU.ActiveCfg = Release|Any CPU
		{3661FA38-D976-43A6-A83E-29896690B6B4}.Release|Any CPU.Build.0 = Release|Any CPU
		{3661FA38-D976-43A6-A83E-29896690B6B4}.Release|x64.ActiveCfg = Release|Any CPU
		{3661FA38-D976-43A6-A83E-29896690B6B4}.Release|x64.Build.0 = Release|Any CPU
		{3661FA38-D976-43A6-A83E-29896690B6B4}.Release|x86.ActiveCfg = Release|Any CPU
		{3661FA38-D976-43A6-A83E-29896690B6B4}.Release|x86.Build.0 = Release|Any CPU
		{A72A4C83-A6FF-4F7E-B160-4B7E91374190}.Debug|Any CPU.ActiveCfg = Debug|Any CPU
		{A72A4C83-A6FF-4F7E-B160-4B7E91374190}.Debug|Any CPU.Build.0 = Debug|Any CPU
		{A72A4C83-A6FF-4F7E-B160-4B7E91374190}.Debug|x64.ActiveCfg = Debug|Any CPU
		{A72A4C83-A6FF-4F7E-B160-4B7E91374190}.Debug|x64.Build.0 = Debug|Any CPU
		{A72A4C83-A6FF-4F7E-B160-4B7E91374190}.Debug|x86.ActiveCfg = Debug|Any CPU
		{A72A4C83-A6FF-4F7E-B160-4B7E91374190}.Debug|x86.Build.0 = Debug|Any CPU
		{A72A4C83-A6FF-4F7E-B160-4B7E91374190}.Release|Any CPU.ActiveCfg = Release|Any CPU
		{A72A4C83-A6FF-4F7E-B160-4B7E91374190}.Release|Any CPU.Build.0 = Release|Any CPU
		{A72A4C83-A6FF-4F7E-B160-4B7E91374190}.Release|x64.ActiveCfg = Release|Any CPU
		{A72A4C83-A6FF-4F7E-B160-4B7E91374190}.Release|x64.Build.0 = Release|Any CPU
		{A72A4C83-A6FF-4F7E-B160-4B7E91374190}.Release|x86.ActiveCfg = Release|Any CPU
		{A72A4C83-A6FF-4F7E-B160-4B7E91374190}.Release|x86.Build.0 = Release|Any CPU
		{ADF6FA6D-DBC1-4AE1-BF2E-E859B664BF19}.Debug|Any CPU.ActiveCfg = Debug|Any CPU
		{ADF6FA6D-DBC1-4AE1-BF2E-E859B664BF19}.Debug|Any CPU.Build.0 = Debug|Any CPU
		{ADF6FA6D-DBC1-4AE1-BF2E-E859B664BF19}.Debug|x64.ActiveCfg = Debug|Any CPU
		{ADF6FA6D-DBC1-4AE1-BF2E-E859B664BF19}.Debug|x64.Build.0 = Debug|Any CPU
		{ADF6FA6D-DBC1-4AE1-BF2E-E859B664BF19}.Debug|x86.ActiveCfg = Debug|Any CPU
		{ADF6FA6D-DBC1-4AE1-BF2E-E859B664BF19}.Debug|x86.Build.0 = Debug|Any CPU
		{ADF6FA6D-DBC1-4AE1-BF2E-E859B664BF19}.Release|Any CPU.ActiveCfg = Release|Any CPU
		{ADF6FA6D-DBC1-4AE1-BF2E-E859B664BF19}.Release|Any CPU.Build.0 = Release|Any CPU
		{ADF6FA6D-DBC1-4AE1-BF2E-E859B664BF19}.Release|x64.ActiveCfg = Release|Any CPU
		{ADF6FA6D-DBC1-4AE1-BF2E-E859B664BF19}.Release|x64.Build.0 = Release|Any CPU
		{ADF6FA6D-DBC1-4AE1-BF2E-E859B664BF19}.Release|x86.ActiveCfg = Release|Any CPU
		{ADF6FA6D-DBC1-4AE1-BF2E-E859B664BF19}.Release|x86.Build.0 = Release|Any CPU
		{3A7ED94E-857B-429C-9F9D-EEC6B41F2C75}.Debug|Any CPU.ActiveCfg = Debug|Any CPU
		{3A7ED94E-857B-429C-9F9D-EEC6B41F2C75}.Debug|Any CPU.Build.0 = Debug|Any CPU
		{3A7ED94E-857B-429C-9F9D-EEC6B41F2C75}.Debug|x64.ActiveCfg = Debug|Any CPU
		{3A7ED94E-857B-429C-9F9D-EEC6B41F2C75}.Debug|x64.Build.0 = Debug|Any CPU
		{3A7ED94E-857B-429C-9F9D-EEC6B41F2C75}.Debug|x86.ActiveCfg = Debug|Any CPU
		{3A7ED94E-857B-429C-9F9D-EEC6B41F2C75}.Debug|x86.Build.0 = Debug|Any CPU
		{3A7ED94E-857B-429C-9F9D-EEC6B41F2C75}.Release|Any CPU.ActiveCfg = Release|Any CPU
		{3A7ED94E-857B-429C-9F9D-EEC6B41F2C75}.Release|Any CPU.Build.0 = Release|Any CPU
		{3A7ED94E-857B-429C-9F9D-EEC6B41F2C75}.Release|x64.ActiveCfg = Release|Any CPU
		{3A7ED94E-857B-429C-9F9D-EEC6B41F2C75}.Release|x64.Build.0 = Release|Any CPU
		{3A7ED94E-857B-429C-9F9D-EEC6B41F2C75}.Release|x86.ActiveCfg = Release|Any CPU
		{3A7ED94E-857B-429C-9F9D-EEC6B41F2C75}.Release|x86.Build.0 = Release|Any CPU
	EndGlobalSection
EndGlobal
